
Microsoft Visual Studio Solution File, Format Version 12.00
# Visual Studio Version 17
VisualStudioVersion = 17.9.34607.119
MinimumVisualStudioVersion = 10.0.40219.1
Project("{FAE04EC0-301F-11D3-BF4B-00C04F79EFBC}") = "Gym Manager", "Gym Manager.csproj", "{5EB09D4D-CAD6-489A-9254-958C6B1705CD}"
EndProject
Global
	GlobalSection(SolutionConfigurationPlatforms) = preSolution
		Debug|Any CPU = Debug|Any CPU
		Release|Any CPU = Release|Any CPU
	EndGlobalSection
	GlobalSection(ProjectConfigurationPlatforms) = postSolution
		{5EB09D4D-CAD6-489A-9254-958C6B1705CD}.Debug|Any CPU.ActiveCfg = Debug|Any CPU
		{5EB09D4D-CAD6-489A-9254-958C6B1705CD}.Debug|Any CPU.Build.0 = Debug|Any CPU
		{5EB09D4D-CAD6-489A-9254-958C6B1705CD}.Release|Any CPU.ActiveCfg = Release|Any CPU
		{5EB09D4D-CAD6-489A-9254-958C6B1705CD}.Release|Any CPU.Build.0 = Release|Any CPU
	EndGlobalSection
	GlobalSection(SolutionProperties) = preSolution
		HideSolutionNode = FALSE
	EndGlobalSection
	GlobalSection(ExtensibilityGlobals) = postSolution
		SolutionGuid = {0BAFF02F-BD0C-4C0A-AF63-81E77826998D}
	EndGlobalSection
EndGlobal
